Microsoft Visual Studio Solution File, Format Version 12.00
# Visual Studio 15
VisualStudioVersion = 15.0.27130.2020
MinimumVisualStudioVersion = 10.0.40219.1
Project("{9A19103F-16F7-4668-BE54-9A1E7A4F7556}") = "BackEndServer", "BackEndServer\BackEndServer.csproj", "{4ADDAF68-AFC8-40CB-B8CF-77F68BBEE474}"
EndProject
Global
	GlobalSection(SolutionConfigurationPlatforms) = preSolution
		Debug|Any CPU = Debug|Any CPU
		Release|Any CPU = Release|Any CPU
	EndGlobalSection
	GlobalSection(ProjectConfigurationPlatforms) = postSolution
		{4ADDAF68-AFC8-40CB-B8CF-77F68BBEE474}.Debug|Any CPU.ActiveCfg = Debug|Any CPU
		{4ADDAF68-AFC8-40CB-B8CF-77F68BBEE474}.Debug|Any CPU.Build.0 = Debug|Any CPU
		{4ADDAF68-AFC8-40CB-B8CF-77F68BBEE474}.Release|Any CPU.ActiveCfg = Release|Any CPU
		{4ADDAF68-AFC8-40CB-B8CF-77F68BBEE474}.Release|Any CPU.Build.0 = Release|Any CPU
	EndGlobalSection
	GlobalSection(SolutionProperties) = preSolution
		HideSolutionNode = FALSE
	EndGlobalSection
	GlobalSection(ExtensibilityGlobals) = postSolution
		SolutionGuid = {B4AA3AD9-1049-4E5B-A3E1-3FC1C92394D4}
	EndGlobalSection
EndGlobal
