
Microsoft Visual Studio Solution File, Format Version 12.00
# Visual Studio 15
VisualStudioVersion = 15.0.27703.2042
MinimumVisualStudioVersion = 10.0.40219.1
Project("{FAE04EC0-301F-11D3-BF4B-00C04F79EFBC}") = "API Json Generator", "API Json Generator.csproj", "{58066667-5F2C-4FCB-A88A-9AE74DEAD8A6}"
EndProject
Global
	GlobalSection(SolutionConfigurationPlatforms) = preSolution
		Debug|Any CPU = Debug|Any CPU
		Release|Any CPU = Release|Any CPU
	EndGlobalSection
	GlobalSection(ProjectConfigurationPlatforms) = postSolution
		{58066667-5F2C-4FCB-A88A-9AE74DEAD8A6}.Debug|Any CPU.ActiveCfg = Debug|Any CPU
		{58066667-5F2C-4FCB-A88A-9AE74DEAD8A6}.Debug|Any CPU.Build.0 = Debug|Any CPU
		{58066667-5F2C-4FCB-A88A-9AE74DEAD8A6}.Release|Any CPU.ActiveCfg = Release|Any CPU
		{58066667-5F2C-4FCB-A88A-9AE74DEAD8A6}.Release|Any CPU.Build.0 = Release|Any CPU
	EndGlobalSection
	GlobalSection(SolutionProperties) = preSolution
		HideSolutionNode = FALSE
	EndGlobalSection
	GlobalSection(ExtensibilityGlobals) = postSolution
		SolutionGuid = {AB9E513E-FA25-4C66-BFC4-0CB28F6862AD}
	EndGlobalSection
EndGlobal
