
Microsoft Visual Studio Solution File, Format Version 12.00
# Visual Studio 15
VisualStudioVersion = 15.0.27130.2020
MinimumVisualStudioVersion = 10.0.40219.1
Project("{FAE04EC0-301F-11D3-BF4B-00C04F79EFBC}") = "WebServicesApp", "WebServicesApp\WebServicesApp.csproj", "{372CBED4-2A54-4580-A75B-743A73993C5F}"
EndProject
Global
	GlobalSection(SolutionConfigurationPlatforms) = preSolution
		Debug|Any CPU = Debug|Any CPU
		Release|Any CPU = Release|Any CPU
	EndGlobalSection
	GlobalSection(ProjectConfigurationPlatforms) = postSolution
		{372CBED4-2A54-4580-A75B-743A73993C5F}.Debug|Any CPU.ActiveCfg = Debug|Any CPU
		{372CBED4-2A54-4580-A75B-743A73993C5F}.Debug|Any CPU.Build.0 = Debug|Any CPU
		{372CBED4-2A54-4580-A75B-743A73993C5F}.Release|Any CPU.ActiveCfg = Release|Any CPU
		{372CBED4-2A54-4580-A75B-743A73993C5F}.Release|Any CPU.Build.0 = Release|Any CPU
	EndGlobalSection
	GlobalSection(SolutionProperties) = preSolution
		HideSolutionNode = FALSE
	EndGlobalSection
	GlobalSection(ExtensibilityGlobals) = postSolution
		SolutionGuid = {56B67330-91B3-4915-9C92-472E8CEEB98D}
	EndGlobalSection
EndGlobal
