
Microsoft Visual Studio Solution File, Format Version 12.00
# Visual Studio 15
VisualStudioVersion = 15.0.27130.2020
MinimumVisualStudioVersion = 10.0.40219.1
Project("{9A19103F-16F7-4668-BE54-9A1E7A4F7556}") = "WebAPI", "WebAPI\WebAPI.csproj", "{9C28E1CC-E7E9-4F4E-B24F-661B556B9827}"
EndProject
Project("{FAE04EC0-301F-11D3-BF4B-00C04F79EFBC}") = "JsonGenerator", "JsonGenerator\JsonGenerator.csproj", "{4473884D-2112-4550-AA48-32BD649923D4}"
EndProject
Global
	GlobalSection(SolutionConfigurationPlatforms) = preSolution
		Debug|Any CPU = Debug|Any CPU
		Release|Any CPU = Release|Any CPU
	EndGlobalSection
	GlobalSection(ProjectConfigurationPlatforms) = postSolution
		{9C28E1CC-E7E9-4F4E-B24F-661B556B9827}.Debug|Any CPU.ActiveCfg = Debug|Any CPU
		{9C28E1CC-E7E9-4F4E-B24F-661B556B9827}.Debug|Any CPU.Build.0 = Debug|Any CPU
		{9C28E1CC-E7E9-4F4E-B24F-661B556B9827}.Release|Any CPU.ActiveCfg = Release|Any CPU
		{9C28E1CC-E7E9-4F4E-B24F-661B556B9827}.Release|Any CPU.Build.0 = Release|Any CPU
		{4473884D-2112-4550-AA48-32BD649923D4}.Debug|Any CPU.ActiveCfg = Debug|Any CPU
		{4473884D-2112-4550-AA48-32BD649923D4}.Debug|Any CPU.Build.0 = Debug|Any CPU
		{4473884D-2112-4550-AA48-32BD649923D4}.Release|Any CPU.ActiveCfg = Release|Any CPU
		{4473884D-2112-4550-AA48-32BD649923D4}.Release|Any CPU.Build.0 = Release|Any CPU
	EndGlobalSection
	GlobalSection(SolutionProperties) = preSolution
		HideSolutionNode = FALSE
	EndGlobalSection
	GlobalSection(ExtensibilityGlobals) = postSolution
		SolutionGuid = {4BE5C0F4-6A3D-4A64-8B45-75FAAEE6BF78}
	EndGlobalSection
EndGlobal
